
Microsoft Visual Studio Solution File, Format Version 12.00
# Visual Studio Version 17
VisualStudioVersion = 17.13.35825.156
MinimumVisualStudioVersion = 10.0.40219.1
Project("{FAE04EC0-301F-11D3-BF4B-00C04F79EFBC}") = "NewBookStore", "NewBookStore\NewBookStore.csproj", "{7B5D9CE3-86C3-4DCB-8124-F1D3123E55A2}"
EndProject
Project("{FAE04EC0-301F-11D3-BF4B-00C04F79EFBC}") = "BookStoreDb", "BookStoreDb\BookStoreDb.csproj", "{7DB065ED-D4F3-412A-9272-D6ACBFB00B01}"
EndProject
Project("{FAE04EC0-301F-11D3-BF4B-00C04F79EFBC}") = "BookStoreRepositorys", "BookStoreRepositorys\BookStoreRepositorys.csproj", "{393E3C37-FBE9-42C7-8613-7CD925B45512}"
EndProject
Global
	GlobalSection(SolutionConfigurationPlatforms) = preSolution
		Debug|Any CPU = Debug|Any CPU
		Release|Any CPU = Release|Any CPU
	EndGlobalSection
	GlobalSection(ProjectConfigurationPlatforms) = postSolution
		{7B5D9CE3-86C3-4DCB-8124-F1D3123E55A2}.Debug|Any CPU.ActiveCfg = Debug|Any CPU
		{7B5D9CE3-86C3-4DCB-8124-F1D3123E55A2}.Debug|Any CPU.Build.0 = Debug|Any CPU
		{7B5D9CE3-86C3-4DCB-8124-F1D3123E55A2}.Release|Any CPU.ActiveCfg = Release|Any CPU
		{7B5D9CE3-86C3-4DCB-8124-F1D3123E55A2}.Release|Any CPU.Build.0 = Release|Any CPU
		{7DB065ED-D4F3-412A-9272-D6ACBFB00B01}.Debug|Any CPU.ActiveCfg = Debug|Any CPU
		{7DB065ED-D4F3-412A-9272-D6ACBFB00B01}.Debug|Any CPU.Build.0 = Debug|Any CPU
		{7DB065ED-D4F3-412A-9272-D6ACBFB00B01}.Release|Any CPU.ActiveCfg = Release|Any CPU
		{7DB065ED-D4F3-412A-9272-D6ACBFB00B01}.Release|Any CPU.Build.0 = Release|Any CPU
		{393E3C37-FBE9-42C7-8613-7CD925B45512}.Debug|Any CPU.ActiveCfg = Debug|Any CPU
		{393E3C37-FBE9-42C7-8613-7CD925B45512}.Debug|Any CPU.Build.0 = Debug|Any CPU
		{393E3C37-FBE9-42C7-8613-7CD925B45512}.Release|Any CPU.ActiveCfg = Release|Any CPU
		{393E3C37-FBE9-42C7-8613-7CD925B45512}.Release|Any CPU.Build.0 = Release|Any CPU
	EndGlobalSection
	GlobalSection(SolutionProperties) = preSolution
		HideSolutionNode = FALSE
	EndGlobalSection
	GlobalSection(ExtensibilityGlobals) = postSolution
		SolutionGuid = {B4B15091-D4EE-42A6-8564-3D67E0159B2D}
	EndGlobalSection
EndGlobal
